PODS:
  - Flutter (1.0.0)
  - flutter_momo (0.0.1):
    - Flutter

DEPENDENCIES:
  - Flutter (from `Flutter`)
  - flutter_momo (from `.symlinks/plugins/flutter_momo/ios`)

EXTERNAL SOURCES:
  Flutter:
    :path: Flutter
  flutter_momo:
    :path: ".symlinks/plugins/flutter_momo/ios"

SPEC CHECKSUMS:
  Flutter: 0e3d915762c693b495b44d77113d4970485de6ec
  flutter_momo: 688224509324fd08e91b50e71d69bdc749e571b7

PODFILE CHECKSUM: 1b66dae606f75376c5f2135a8290850eeb09ae83

COCOAPODS: 1.8.4
